
Microsoft Visual Studio Solution File, Format Version 12.00
# Visual Studio 15
VisualStudioVersion = 15.0.27428.2015
MinimumVisualStudioVersion = 10.0.40219.1
Project("{FAE04EC0-301F-11D3-BF4B-00C04F79EFBC}") = "IPTV Rec Automator", "IPTV Rec Automator\IPTV Rec Automator.csproj", "{C690DFE3-90DC-43BD-A663-554E753ECAD4}"
EndProject
Global
	GlobalSection(SolutionConfigurationPlatforms) = preSolution
		Debug|Any CPU = Debug|Any CPU
		Release|Any CPU = Release|Any CPU
	EndGlobalSection
	GlobalSection(ProjectConfigurationPlatforms) = postSolution
		{C690DFE3-90DC-43BD-A663-554E753ECAD4}.Debug|Any CPU.ActiveCfg = Release|Any CPU
		{C690DFE3-90DC-43BD-A663-554E753ECAD4}.Debug|Any CPU.Build.0 = Release|Any CPU
		{C690DFE3-90DC-43BD-A663-554E753ECAD4}.Release|Any CPU.ActiveCfg = Release|Any CPU
		{C690DFE3-90DC-43BD-A663-554E753ECAD4}.Release|Any CPU.Build.0 = Release|Any CPU
	EndGlobalSection
	GlobalSection(SolutionProperties) = preSolution
		HideSolutionNode = FALSE
	EndGlobalSection
	GlobalSection(ExtensibilityGlobals) = postSolution
		SolutionGuid = {2452BD62-C1ED-49AF-9CD8-E50A432FFD94}
	EndGlobalSection
EndGlobal
